
Microsoft Visual Studio Solution File, Format Version 12.00
# Visual Studio 15
VisualStudioVersion = 15.0.28307.1622
MinimumVisualStudioVersion = 10.0.40219.1
Project("{8BC9CEB8-8B4A-11D0-8D11-00A0C91BC942}") = "Week7_Homework2", "Week7_Homework2\Week7_Homework2.vcxproj", "{DA9DA8ED-7ECE-444D-8BAA-F0D4005E595B}"
EndProject
Global
	GlobalSection(SolutionConfigurationPlatforms) = preSolution
		Debug|x64 = Debug|x64
		Debug|x86 = Debug|x86
		Release|x64 = Release|x64
		Release|x86 = Release|x86
	EndGlobalSection
	GlobalSection(ProjectConfigurationPlatforms) = postSolution
		{DA9DA8ED-7ECE-444D-8BAA-F0D4005E595B}.Debug|x64.ActiveCfg = Debug|x64
		{DA9DA8ED-7ECE-444D-8BAA-F0D4005E595B}.Debug|x64.Build.0 = Debug|x64
		{DA9DA8ED-7ECE-444D-8BAA-F0D4005E595B}.Debug|x86.ActiveCfg = Debug|Win32
		{DA9DA8ED-7ECE-444D-8BAA-F0D4005E595B}.Debug|x86.Build.0 = Debug|Win32
		{DA9DA8ED-7ECE-444D-8BAA-F0D4005E595B}.Release|x64.ActiveCfg = Release|x64
		{DA9DA8ED-7ECE-444D-8BAA-F0D4005E595B}.Release|x64.Build.0 = Release|x64
		{DA9DA8ED-7ECE-444D-8BAA-F0D4005E595B}.Release|x86.ActiveCfg = Release|Win32
		{DA9DA8ED-7ECE-444D-8BAA-F0D4005E595B}.Release|x86.Build.0 = Release|Win32
	EndGlobalSection
	GlobalSection(SolutionProperties) = preSolution
		HideSolutionNode = FALSE
	EndGlobalSection
	GlobalSection(ExtensibilityGlobals) = postSolution
		SolutionGuid = {95A885DC-0457-4668-B988-8EDF739CFB7B}
	EndGlobalSection
EndGlobal
